
Microsoft Visual Studio Solution File, Format Version 12.00
# Visual Studio 15
VisualStudioVersion = 15.0.28010.2050
MinimumVisualStudioVersion = 10.0.40219.1
Project("{9A19103F-16F7-4668-BE54-9A1E7A4F7556}") = "HomeWork.Client", "HomeWork\HomeWork.Client.csproj", "{BAB51AFA-EA9B-4D65-80E7-80DE572353B6}"
EndProject
Project("{9A19103F-16F7-4668-BE54-9A1E7A4F7556}") = "HomeWork.Server", "HomeWork.Server\HomeWork.Server.csproj", "{7B5FA895-B4DF-48D1-86FB-5EE87F8B60B4}"
EndProject
Project("{9A19103F-16F7-4668-BE54-9A1E7A4F7556}") = "HomeWork.Common", "HomeWork.Common\HomeWork.Common.csproj", "{E739E63E-9857-4658-8732-D85EE4E2AA91}"
EndProject
Project("{9A19103F-16F7-4668-BE54-9A1E7A4F7556}") = "HomeWork.Tests", "HomeWork.Tests\HomeWork.Tests.csproj", "{F53E325F-4E00-47F0-B5C2-4024C5125CF2}"
EndProject
Project("{FAE04EC0-301F-11D3-BF4B-00C04F79EFBC}") = "HomeWork.Infrastructure", "HomeWork.Infrastructure\HomeWork.Infrastructure.csproj", "{18A0693A-A828-43C5-9ED2-0D20EFB52F04}"
EndProject
Global
	GlobalSection(SolutionConfigurationPlatforms) = preSolution
		Debug|Any CPU = Debug|Any CPU
		Release|Any CPU = Release|Any CPU
	EndGlobalSection
	GlobalSection(ProjectConfigurationPlatforms) = postSolution
		{BAB51AFA-EA9B-4D65-80E7-80DE572353B6}.Debug|Any CPU.ActiveCfg = Debug|Any CPU
		{BAB51AFA-EA9B-4D65-80E7-80DE572353B6}.Debug|Any CPU.Build.0 = Debug|Any CPU
		{BAB51AFA-EA9B-4D65-80E7-80DE572353B6}.Release|Any CPU.ActiveCfg = Release|Any CPU
		{BAB51AFA-EA9B-4D65-80E7-80DE572353B6}.Release|Any CPU.Build.0 = Release|Any CPU
		{7B5FA895-B4DF-48D1-86FB-5EE87F8B60B4}.Debug|Any CPU.ActiveCfg = Debug|Any CPU
		{7B5FA895-B4DF-48D1-86FB-5EE87F8B60B4}.Debug|Any CPU.Build.0 = Debug|Any CPU
		{7B5FA895-B4DF-48D1-86FB-5EE87F8B60B4}.Release|Any CPU.ActiveCfg = Release|Any CPU
		{7B5FA895-B4DF-48D1-86FB-5EE87F8B60B4}.Release|Any CPU.Build.0 = Release|Any CPU
		{E739E63E-9857-4658-8732-D85EE4E2AA91}.Debug|Any CPU.ActiveCfg = Debug|Any CPU
		{E739E63E-9857-4658-8732-D85EE4E2AA91}.Debug|Any CPU.Build.0 = Debug|Any CPU
		{E739E63E-9857-4658-8732-D85EE4E2AA91}.Release|Any CPU.ActiveCfg = Release|Any CPU
		{E739E63E-9857-4658-8732-D85EE4E2AA91}.Release|Any CPU.Build.0 = Release|Any CPU
		{F53E325F-4E00-47F0-B5C2-4024C5125CF2}.Debug|Any CPU.ActiveCfg = Debug|Any CPU
		{F53E325F-4E00-47F0-B5C2-4024C5125CF2}.Debug|Any CPU.Build.0 = Debug|Any CPU
		{F53E325F-4E00-47F0-B5C2-4024C5125CF2}.Release|Any CPU.ActiveCfg = Release|Any CPU
		{F53E325F-4E00-47F0-B5C2-4024C5125CF2}.Release|Any CPU.Build.0 = Release|Any CPU
		{18A0693A-A828-43C5-9ED2-0D20EFB52F04}.Debug|Any CPU.ActiveCfg = Debug|Any CPU
		{18A0693A-A828-43C5-9ED2-0D20EFB52F04}.Debug|Any CPU.Build.0 = Debug|Any CPU
		{18A0693A-A828-43C5-9ED2-0D20EFB52F04}.Release|Any CPU.ActiveCfg = Release|Any CPU
		{18A0693A-A828-43C5-9ED2-0D20EFB52F04}.Release|Any CPU.Build.0 = Release|Any CPU
	EndGlobalSection
	GlobalSection(SolutionProperties) = preSolution
		HideSolutionNode = FALSE
	EndGlobalSection
	GlobalSection(ExtensibilityGlobals) = postSolution
		SolutionGuid = {C6EA1953-1B2D-409E-869E-89B23280F00B}
	EndGlobalSection
EndGlobal
